{
  "version": 4,
  "terraform_version": "1.0.10",
  "serial": 231,
  "lineage": "6a27389d-7ed3-8408-e586-7c4937a4800d",
  "outputs": {},
  "resources": [
    {
      "mode": "data",
      "type": "azurerm_resource_group",
      "name": "vnet_rg",
      "provider": "provider[\"registry.terraform.io/hashicorp/azurerm\"]",
      "instances": [
        {
          "schema_version": 0,
          "attributes": {
            "id": "/subscriptions/54f68ee1-cff6-4579-aa38-945921f3f590/resourceGroups/elitegeneralnetwork",
            "location": "eastus2",
            "name": "elitegeneralnetwork",
            "tags": {},
            "timeouts": null
          },
          "sensitive_attributes": []
        }
      ]
    },
    {
      "mode": "data",
      "type": "azurerm_virtual_network",
      "name": "vnet",
      "provider": "provider[\"registry.terraform.io/hashicorp/azurerm\"]",
      "instances": [
        {
          "schema_version": 0,
          "attributes": {
            "address_space": [
              "10.0.0.0/16"
            ],
            "dns_servers": [],
            "guid": "ac0d5efb-777f-4395-b024-886934320db4",
            "id": "/subscriptions/54f68ee1-cff6-4579-aa38-945921f3f590/resourceGroups/elitegeneralnetwork/providers/Microsoft.Network/virtualNetworks/elitedev_vnet",
            "location": "eastus2",
            "name": "elitedev_vnet",
            "resource_group_name": "elitegeneralnetwork",
            "subnets": [
              "application_subnet",
              "database_subnet",
              "elite-backend-subnet",
              "elite-frontend-subnet"
            ],
            "tags": {
              "ManagedWith": "terraform",
              "Owner": "elitesolutionsit",
              "Service": "devOps",
              "environment": "Development"
            },
            "timeouts": null,
            "vnet_peerings": {},
            "vnet_peerings_addresses": []
          },
          "sensitive_attributes": []
        }
      ]
    },
    {
      "mode": "managed",
      "type": "azurerm_application_gateway",
      "name": "network",
      "provider": "provider[\"registry.terraform.io/hashicorp/azurerm\"]",
      "instances": [
        {
          "schema_version": 0,
          "attributes": {
            "authentication_certificate": [],
            "autoscale_configuration": [],
            "backend_address_pool": [
              {
                "fqdns": [],
                "id": "/subscriptions/54f68ee1-cff6-4579-aa38-945921f3f590/resourceGroups/elite-appgw-dev/providers/Microsoft.Network/applicationGateways/elite-devgateway/backendAddressPools/elitedev_vnet-beap",
                "ip_addresses": [],
                "name": "elitedev_vnet-beap"
              }
            ],
            "backend_http_settings": [
              {
                "affinity_cookie_name": "",
                "authentication_certificate": [],
                "connection_draining": [],
                "cookie_based_affinity": "Disabled",
                "host_name": "",
                "id": "/subscriptions/54f68ee1-cff6-4579-aa38-945921f3f590/resourceGroups/elite-appgw-dev/providers/Microsoft.Network/applicationGateways/elite-devgateway/backendHttpSettingsCollection/elitedev_vnet-be-htst",
                "name": "elitedev_vnet-be-htst",
                "path": "/",
                "pick_host_name_from_backend_address": false,
                "port": 80,
                "probe_id": "",
                "probe_name": "",
                "protocol": "Http",
                "request_timeout": 60,
                "trusted_root_certificate_names": []
              }
            ],
            "custom_error_configuration": [],
            "enable_http2": false,
            "fips_enabled": false,
            "firewall_policy_id": null,
            "force_firewall_policy_association": false,
            "frontend_ip_configuration": [
              {
                "id": "/subscriptions/54f68ee1-cff6-4579-aa38-945921f3f590/resourceGroups/elite-appgw-dev/providers/Microsoft.Network/applicationGateways/elite-devgateway/frontendIPConfigurations/elitedev_vnet-feip",
                "name": "elitedev_vnet-feip",
                "private_ip_address": "",
                "private_ip_address_allocation": "Dynamic",
                "private_link_configuration_id": "",
                "private_link_configuration_name": "",
                "public_ip_address_id": "/subscriptions/54f68ee1-cff6-4579-aa38-945921f3f590/resourceGroups/elite-appgw-dev/providers/Microsoft.Network/publicIPAddresses/elite-appgw-pip",
                "subnet_id": ""
              }
            ],
            "frontend_port": [
              {
                "id": "/subscriptions/54f68ee1-cff6-4579-aa38-945921f3f590/resourceGroups/elite-appgw-dev/providers/Microsoft.Network/applicationGateways/elite-devgateway/frontendPorts/elitedev_vnet-feport",
                "name": "elitedev_vnet-feport",
                "port": 80
              },
              {
                "id": "/subscriptions/54f68ee1-cff6-4579-aa38-945921f3f590/resourceGroups/elite-appgw-dev/providers/Microsoft.Network/applicationGateways/elite-devgateway/frontendPorts/elitedev_vnet_443",
                "name": "elitedev_vnet_443",
                "port": 443
              }
            ],
            "gateway_ip_configuration": [
              {
                "id": "/subscriptions/54f68ee1-cff6-4579-aa38-945921f3f590/resourceGroups/elite-appgw-dev/providers/Microsoft.Network/applicationGateways/elite-devgateway/gatewayIPConfigurations/elite-ipconf",
                "name": "elite-ipconf",
                "subnet_id": "/subscriptions/54f68ee1-cff6-4579-aa38-945921f3f590/resourceGroups/elitegeneralnetwork/providers/Microsoft.Network/virtualNetworks/elitedev_vnet/subnets/elite-frontend-subnet"
              }
            ],
            "http_listener": [
              {
                "custom_error_configuration": [],
                "firewall_policy_id": "",
                "frontend_ip_configuration_id": "/subscriptions/54f68ee1-cff6-4579-aa38-945921f3f590/resourceGroups/elite-appgw-dev/providers/Microsoft.Network/applicationGateways/elite-devgateway/frontendIPConfigurations/elitedev_vnet-feip",
                "frontend_ip_configuration_name": "elitedev_vnet-feip",
                "frontend_port_id": "/subscriptions/54f68ee1-cff6-4579-aa38-945921f3f590/resourceGroups/elite-appgw-dev/providers/Microsoft.Network/applicationGateways/elite-devgateway/frontendPorts/elitedev_vnet-feport",
                "frontend_port_name": "elitedev_vnet-feport",
                "host_name": "",
                "host_names": [],
                "id": "/subscriptions/54f68ee1-cff6-4579-aa38-945921f3f590/resourceGroups/elite-appgw-dev/providers/Microsoft.Network/applicationGateways/elite-devgateway/httpListeners/elitedev_vnet-httplstn",
                "name": "elitedev_vnet-httplstn",
                "protocol": "Http",
                "require_sni": false,
                "ssl_certificate_id": "",
                "ssl_certificate_name": "",
                "ssl_profile_id": "",
                "ssl_profile_name": ""
              },
              {
                "custom_error_configuration": [],
                "firewall_policy_id": "",
                "frontend_ip_configuration_id": "/subscriptions/54f68ee1-cff6-4579-aa38-945921f3f590/resourceGroups/elite-appgw-dev/providers/Microsoft.Network/applicationGateways/elite-devgateway/frontendIPConfigurations/elitedev_vnet-feip",
                "frontend_ip_configuration_name": "elitedev_vnet-feip",
                "frontend_port_id": "/subscriptions/54f68ee1-cff6-4579-aa38-945921f3f590/resourceGroups/elite-appgw-dev/providers/Microsoft.Network/applicationGateways/elite-devgateway/frontendPorts/elitedev_vnet_443",
                "frontend_port_name": "elitedev_vnet_443",
                "host_name": "",
                "host_names": [],
                "id": "/subscriptions/54f68ee1-cff6-4579-aa38-945921f3f590/resourceGroups/elite-appgw-dev/providers/Microsoft.Network/applicationGateways/elite-devgateway/httpListeners/elitedev_vnet-httpslstn",
                "name": "elitedev_vnet-httpslstn",
                "protocol": "Https",
                "require_sni": false,
                "ssl_certificate_id": "/subscriptions/54f68ee1-cff6-4579-aa38-945921f3f590/resourceGroups/elite-appgw-dev/providers/Microsoft.Network/applicationGateways/elite-devgateway/sslCertificates/elitelabtoolsazure.link",
                "ssl_certificate_name": "elitelabtoolsazure.link",
                "ssl_profile_id": "",
                "ssl_profile_name": ""
              }
            ],
            "id": "/subscriptions/54f68ee1-cff6-4579-aa38-945921f3f590/resourceGroups/elite-appgw-dev/providers/Microsoft.Network/applicationGateways/elite-devgateway",
            "identity": [],
            "location": "eastus2",
            "name": "elite-devgateway",
            "private_endpoint_connection": [],
            "private_link_configuration": [],
            "probe": [],
            "redirect_configuration": [
              {
                "id": "/subscriptions/54f68ee1-cff6-4579-aa38-945921f3f590/resourceGroups/elite-appgw-dev/providers/Microsoft.Network/applicationGateways/elite-devgateway/redirectConfigurations/elitedev-rdrct",
                "include_path": false,
                "include_query_string": false,
                "name": "elitedev-rdrct",
                "redirect_type": "Permanent",
                "target_listener_id": "/subscriptions/54f68ee1-cff6-4579-aa38-945921f3f590/resourceGroups/elite-appgw-dev/providers/Microsoft.Network/applicationGateways/elite-devgateway/httpListeners/elitedev_vnet-httpslstn",
                "target_listener_name": "elitedev_vnet-httpslstn",
                "target_url": ""
              }
            ],
            "request_routing_rule": [
              {
                "backend_address_pool_id": "/subscriptions/54f68ee1-cff6-4579-aa38-945921f3f590/resourceGroups/elite-appgw-dev/providers/Microsoft.Network/applicationGateways/elite-devgateway/backendAddressPools/elitedev_vnet-beap",
                "backend_address_pool_name": "elitedev_vnet-beap",
                "backend_http_settings_id": "/subscriptions/54f68ee1-cff6-4579-aa38-945921f3f590/resourceGroups/elite-appgw-dev/providers/Microsoft.Network/applicationGateways/elite-devgateway/backendHttpSettingsCollection/elitedev_vnet-be-htst",
                "backend_http_settings_name": "elitedev_vnet-be-htst",
                "http_listener_id": "/subscriptions/54f68ee1-cff6-4579-aa38-945921f3f590/resourceGroups/elite-appgw-dev/providers/Microsoft.Network/applicationGateways/elite-devgateway/httpListeners/elitedev_vnet-httplstn",
                "http_listener_name": "elitedev_vnet-httplstn",
                "id": "/subscriptions/54f68ee1-cff6-4579-aa38-945921f3f590/resourceGroups/elite-appgw-dev/providers/Microsoft.Network/applicationGateways/elite-devgateway/requestRoutingRules/req-routehttps",
                "name": "req-routehttps",
                "priority": 11,
                "redirect_configuration_id": "",
                "redirect_configuration_name": "",
                "rewrite_rule_set_id": "",
                "rewrite_rule_set_name": "",
                "rule_type": "Basic",
                "url_path_map_id": "",
                "url_path_map_name": ""
              },
              {
                "backend_address_pool_id": "/subscriptions/54f68ee1-cff6-4579-aa38-945921f3f590/resourceGroups/elite-appgw-dev/providers/Microsoft.Network/applicationGateways/elite-devgateway/backendAddressPools/elitedev_vnet-beap",
                "backend_address_pool_name": "elitedev_vnet-beap",
                "backend_http_settings_id": "/subscriptions/54f68ee1-cff6-4579-aa38-945921f3f590/resourceGroups/elite-appgw-dev/providers/Microsoft.Network/applicationGateways/elite-devgateway/backendHttpSettingsCollection/elitedev_vnet-be-htst",
                "backend_http_settings_name": "elitedev_vnet-be-htst",
                "http_listener_id": "/subscriptions/54f68ee1-cff6-4579-aa38-945921f3f590/resourceGroups/elite-appgw-dev/providers/Microsoft.Network/applicationGateways/elite-devgateway/httpListeners/elitedev_vnet-httpslstn",
                "http_listener_name": "elitedev_vnet-httpslstn",
                "id": "/subscriptions/54f68ee1-cff6-4579-aa38-945921f3f590/resourceGroups/elite-appgw-dev/providers/Microsoft.Network/applicationGateways/elite-devgateway/requestRoutingRules/elitedev_vnet-rqrt",
                "name": "elitedev_vnet-rqrt",
                "priority": 10,
                "redirect_configuration_id": "",
                "redirect_configuration_name": "",
                "rewrite_rule_set_id": "",
                "rewrite_rule_set_name": "",
                "rule_type": "Basic",
                "url_path_map_id": "",
                "url_path_map_name": ""
              }
            ],
            "resource_group_name": "elite-appgw-dev",
            "rewrite_rule_set": [],
            "sku": [
              {
                "capacity": 2,
                "name": "WAF_v2",
                "tier": "WAF_v2"
              }
            ],
            "ssl_certificate": [
              {
                "data": "MIIMmQIBAzCCDF8GCSqGSIb3DQEHAaCCDFAEggxMMIIMSDCCBv8GCSqGSIb3DQEHBqCCBvAwggbsAgEAMIIG5QYJKoZIhvcNAQcBMBwGCiqGSIb3DQEMAQYwDgQIG0g650QGSEICAggAgIIGuAVcG+nhGpW1jevfwjcswpNLeruCgRKQjk69pM2ZdCB1VaM9ODeRmDhuMFUYe7aEgZN7AUc2dxAljvgyE36dDdEKrrekNXgf9uBmfaaBKn7q/YspjevZUUneo6dcSU/cHkUklPxFt0XQRX2HC8QeeYZDVPaq2t1HQiaYi7i99o72EhAypp1XRlCeivV3qoSHe6ouvu1ap3aVAesEfkzZrO/jLoH7L20LUzSfYLB9kOiL5QtDLfQEIcudT5Y4729tGgoqdAC5tr3UsTrztHw1crXghfPC4ytMQhK9VNEF6HxHDPRe2gk+vK1FwX9ekLiSr3VXPAux0Zk4zFrl96Dkmae161Id62zLWPbcFv9uKyQ4OsB3SMq/UQ2WxRpXFDV0ivNXRUouXiascN1Ai23ZkZgyGJDsJquiD8L4PS/WrPY9kfI/YXJyKfXfGF7ilXO531q+f1Ld6majvLMMzNOgcCNILHIEsefh1EN8rX4IPuacEiDi+MuTFSft+U7tVIyX5V0VQTc2EieGmii4X6vrOFsiI8S/wnF6KJbJuUAMs1+MbDthrP64Hrr4Xgha395NAIOtu98wdkNBTp+x/VHrIlaRzgWPCMW41DmfyY12g9Ei+cQSnnsp/wcaUH9+Ng9bXkdIOADxPsNs5Q3MX01Dj3gRlXBaQHyT6M7Nn9KzOHUndMILyC4tf96UdzjTRPUHUeeb5Xfwcdms0Oo43pR5dnKRgmbnLazOAmqbDa+pQacZNM+9+c3fosfBQ2Zeir70AlCcbwOvqi/K8MIU5DyhLeXvLfYtJAl15eRzTictgv9uZKdmC6JMPRKh5P61+S+66DyV88xw+XNmRyHntSvGd67hbWHJBtlvkQCZ5yi6b3lYDaNlPJjrqP+ciTMRxBpPC0EB38qvl1Gw5TARkwpl6VULADgNIY0OuCJW+j66i7sTpbPjyNOiebg3awxZnePZ1KeWDwGt/3vQkphK3vnxKdxv96SsmzDMlhMT7l/yuTcLItH6AqHOyEKxW6OB7XFOYKGwjn6tXSqePX4F1k8gatjLkN0c1NOVNd0NF8vZNpMSYfVPl+8jC1d/pj/sz+QzbOmXGTebFsFQpySp8hDwbDhCJe5EK3GAYXx/WKD2VMZ2GIVru8UCnRfkvVeKNZBn4sx3gBhjhxwQtxgbArQmeKmslz+307q+gP5IoionvjmND8KZMn1AvKjElw2F7VvaI0woQSR3GvR5Hu2CLHwKzNLMWDJepAx6IfdP6k8tLtp5fF5DQ2BalvA1W6H2WgjTatH46RaL1jcWdO9virMsJIbipaveubxB4cMc3PDODrsGVVZ0dGA6DLubyJyWWBWEAvoGumpcqy83JQ3kO06d8+q1wVRq4YF0Tq39ajvtHs6bBiZDQ+oqR6nUJ3T8mSSNGGs+OBgbXDoZeLSeQu2eemy+TO6vqKfKhD2FCrsO2C8ooxY19ayqEIvhVINugS4+XrDylI9ZAz6mOjofgLLnL9aKYOBdemPgkHOntwZ98meARQDqT4CDc6M48dEGyugjbIErxeXzag2tm7E853mzmUqcmEN0vatRxzAodzFT8Ue1Xou/kHzAEG62k20imGfddBeQ0mf+nMCnxozcucHj/2ZmwAgsYITCBQLxlWnmk5vZTKufHjNV4u1jc/g/V7GFmfAOfmoU3kQvs66T9waKJ17jdZI/cd+Ue0OCCqg6obj7+44AGGpw1pn7U2OhWjDZ/f3ebPAsOrHq5rICDI+VeR6NAMxyijal5NlikLeEgdZRbNXFKgRVl/fgdhxHcJFH14UAd9fZa/J1ggawZKFhhasHoO4TFH8DiA6m4eO9uXksLNDqiPHEb4O9ztb3ObTgsoEASg6O2CYtov2fl2bjttyqsrkhPVN3Dt3FAOGOFHXBGvhp7JlVpw9bAOI0CXK4Ec0/+qINHlEKc+nK9a3KxaxrQGDgoPUChY/ApE6yAdVMS4wpY4q7nvyaOMUC/kTZvvZ9WFvB3GvP6UHhIS9C2qU693saOIrYg8s4ccRjj4ztToC3M6tKSia/rZ0DEs+CzTdKKoTgWwNnwv4gBQ05ynyZYVUwbyRWFLjwFmnmLnsAT38ONlKAe1Lck4TEbWDWAmhXDVWSJopDJ3Whmz9iEm58jBfw0YlNybdQG9gAGFbi/ImVzvB3GfNvkebFkv42bmnXmNswt8OmFHmK6YqiA9SeBidCIfFB8hcPnIFRCgcvKcaaJx7zwqa1C9/xuStUkP1umVHiiRW+YfnPi5OOj9HdgbNyUuvCZgV8+eeRGQjH/QJC2dBKgccwggVBBgkqhkiG9w0BBwGgggUyBIIFLjCCBSowggUmBgsqhkiG9w0BDAoBAqCCBO4wggTqMBwGCiqGSIb3DQEMAQMwDgQImQeat1PsRQICAggABIIEyMVP0/O6H4CzUhBdsFPqVR/fJ6iS79rkFuqVFWYs8uHk29CZnwdK+1Y5284VKuyXvWu/C8F5IGpQOHq54YcllBl8fOZQ5n4T43pbsSh2VMZ8s0FwrPx74bpSpvzlc4PiIkOLzj5gFkkua8O4hfn47S8vOBohQiZodyUq72/XIUZ/bNPJe0Us3xrMC5v6pB8VOphBfZUfB9lUzM3sjbTJVpe1MS4Je+eMdwg+c/poj7aZmOdbTBRkrxxvhQ8TwITq9dhy2MA0B6U0VDt6UMtYfwViV8WYLIPI2y5dhbkDkn7dnHxkEmIo2nGR8DnsXmIooQqR273kX3NHwJC1gKuSzf/t5L3dozgA3bEpSEQ2ydQfoB1snG9sqvTKwrOawMHcVd1HENdLgosSa6r3HXFs0ofMaQCfNW4mb6ijgs+9vOEVqu/LQrZ7QHLpY+4PaYbXG3qUS0QRT9BWMW1c7kxjm5yadCX3Dpp4yiMmktRG8qf0J43Pwh1ituIZiG08+7+MQAhvUSzgEZfmeH6IlcyMDNWg7d6WDf0uz1zImhEpuHZBfcFFx5U43rB4q1fyTtvqEG6LrLiioEDIzC0bw6GXthzNPSJQzIMR262vLHTAZ+Ymfu/7pV6pTIu6u9DDn4ccLxKbX/CSf/T0InZbAEN5c+4Z58J7SZdNgyL6JbQI9OX1A9zp+YMmYD3RBKzsZxG9t4ZZ1B+5yTKpYwS3+6ts//jGSbLO2Q68AMDGVg+agSEHOBUz3PJS8HQOZHjNKNZ42NFMO1o8ZAkk8FdFT6U9Kaea3zBOOCj35hKlGqq/uREabJK+ivIMnjkocUYYE7xUZ7+NJfuLmn6z7wNFakDsv6gf47RGw+MKmnoAGQUvSkxDl905q4TPoSZb8qHKxcrWorPJiA/I07wkir8FeucMafXe1wc4yUTIGF5P0umxuUOiWOBdlhaB1B3kBa42qDNh+xpzbawA3tXahmeF9kGP9CC/aDTdTPkCVmC3Lphok0Ns4sgwN9A6WOqr+KzHtZAWMsydoznhFU+5trKwRkr9Zpb9S95qO9GGnDPLtX2SBQKCDba1wnQGWgsPKwZz9VnxgsEVQWgxAId95Tkqje6uWNATNMj/y45tn/jqC7NqkEgp8PpHRzHoG6gf13df/v+CsAAC7OF2OCHEdudRDRXZluTJuL3F92zM4Mvk6bjgXvstIEp+CQanjPsuQxmkIL7UTcjVsIjeUMxXcwBkpgsturq2XzF/wPMZSOUvyGzRks0ekceBgtDnvym5ezLQ1DqC8TmADc9AuiqjemKRghrSNCmadDOdlXo7Nhb96+R9MKkUAPsRpRvkK9qdFW1mj6plEcqMwrT1oWOJKzWD6xk71vX+KM/IGLTRin9npmDmZlawstbKUrJvtaBwAuXkfRV6loxB94JO4M8YEPlavW+bHuaj27teV+RgXliLPUiFTTzudT+/nSAYkHpZS3wsMM0cibG0Kpbiu7rXf+QFCUfrLsbPP7gBwGcFx/38/KF40IIYFf3M1T8cSWV5dLa1wBlHbTPpPYO/DtlwpS0Vgk2m+uVhMsDnzgz/T6sfXPfSyMvxLQdk1iUphHrDeJE6xjLln464k+4jEsyQy8KaVn+GBAa5OgYgLOYlQjElMCMGCSqGSIb3DQEJFTEWBBSJHhKqZav9xbPKmBp0tl8VRU75FTAxMCEwCQYFKw4DAhoFAAQUoF8vKpciWqnlFpMizdHclIXdzXsECCjsLUrNunNaAgIIAA==",
                "id": "/subscriptions/54f68ee1-cff6-4579-aa38-945921f3f590/resourceGroups/elite-appgw-dev/providers/Microsoft.Network/applicationGateways/elite-devgateway/sslCertificates/elitelabtoolsazure.link",
                "key_vault_secret_id": "",
                "name": "elitelabtoolsazure.link",
                "password": "Arerepade12$",
                "public_cert_data": "MIIGgwYJKoZIhvcNAQcCoIIGdDCCBnACAQExADALBgkqhkiG9w0BBwGgggZYMIIGVDCCBTygAwIBAgIQYMdMvG5qiJ9XJ0JoA27uqTANBgkqhkiG9w0BAQsFADCBjzELMAkGA1UEBhMCR0IxGzAZBgNVBAgTEkdyZWF0ZXIgTWFuY2hlc3RlcjEQMA4GA1UEBxMHU2FsZm9yZDEYMBYGA1UEChMPU2VjdGlnbyBMaW1pdGVkMTcwNQYDVQQDEy5TZWN0aWdvIFJTQSBEb21haW4gVmFsaWRhdGlvbiBTZWN1cmUgU2VydmVyIENBMB4XDTIyMDcwMzAwMDAwMFoXDTIzMDcwMzIzNTk1OVowIjEgMB4GA1UEAxMXZWxpdGVsYWJ0b29sc2F6dXJlLmxpbmswggEiMA0GCSqGSIb3DQEBAQUAA4IBDwAwggEKAoIBAQDK0EI+/Kgwq60XimD/pIcJmM4xSkVNmb/6mCSlNmvdoGgYF3AGkdaK0PdjcdlKUGVKQIOTbw598cwWTjp2L+nM3b+/+YywoGYwwVgX+hAuHut79oE8qeW8QS7A2l8vsOJjZPaQLIwDeah2lkx6wHNVZxAhj+6eHXvcoWEsEMsNCbrAwsi7C/BTZjtQPiP97z4PRc00cnlXU/8Asky02LqVq5KMuzX38pCGxAlX+jlBmxwP2OS3M/LJgNUZSYqZeqTI1bI2ogrLAiWIzq/3zsoJPwxOxLJWLVqHltbcPLosOK5TTiJHROkIfYCn9cVO+0oAH52VmVEivU2cUB664ADtAgMBAAGjggMWMIIDEjAfBgNVHSMEGDAWgBSNjF7EVK2K4Xfpm/mbBeG4AY1h4TAdBgNVHQ4EFgQUTwGKd4lz9ckQ95/2nGcGSyNvOi8wDgYDVR0PAQH/BAQDAgWgMAwGA1UdEwEB/wQCMAAwHQYDVR0lBBYwFAYIKwYBBQUHAwEGCCsGAQUFBwMCMEkGA1UdIARCMEAwNAYLKwYBBAGyMQECAgcwJTAjBggrBgEFBQcCARYXaHR0cHM6Ly9zZWN0aWdvLmNvbS9DUFMwCAYGZ4EMAQIBMIGEBggrBgEFBQcBAQR4MHYwTwYIKwYBBQUHMAKGQ2h0dHA6Ly9jcnQuc2VjdGlnby5jb20vU2VjdGlnb1JTQURvbWFpblZhbGlkYXRpb25TZWN1cmVTZXJ2ZXJDQS5jcnQwIwYIKwYBBQUHMAGGF2h0dHA6Ly9vY3NwLnNlY3RpZ28uY29tMD8GA1UdEQQ4MDaCF2VsaXRlbGFidG9vbHNhenVyZS5saW5rght3d3cuZWxpdGVsYWJ0b29sc2F6dXJlLmxpbmswggF+BgorBgEEAdZ5AgQCBIIBbgSCAWoBaAB3AK33vvp8/xDIi509nB4+GGq0Zyldz7EMJMqFhjTr3IKKAAABgcXlPuIAAAQDAEgwRgIhAI5oUcRyaDDdkYIC9hBGEtfP0h2xoirPXgfdxjIP13/ZAiEA95qJeOmA8P3SovovRW0a2t4e2DTNl+x5YdpFJUQLh+kAdQB6MoxU2LcttiDqOOBSHumEFnAyE4VNO9IrwTpXo1LrUgAAAYHF5T6rAAAEAwBGMEQCIB3Rw8mmF9kSXFsfGm7hmUjNKShNwTkqr9scRNmq/wGcAiA3Ty+C8ivwyonzD+ejDIpE7GjCNk6YWXDypHQKxuCdPQB2AOg+0No+9QY1MudXKLyJa8kD08vREWvs62nhd31tBr1uAAABgcXlPn8AAAQDAEcwRQIgUSczJEcWzs4XT9FA2MhEBgtaXx2y3o9W68ZDkLL6FhMCIQCCngBoU5LGeTNk2D0+p8+UgV6gIFyEtC8rJf3MQcW5ODANBgkqhkiG9w0BAQsFAAOCAQEAB3Z0jJvgW/wJiwDdTS8gj8IOBV1x7D9IZjOPfk//fjeyeyNTVGvJim/fm1UG4VVwIhsCD72NvAFn90Qe0wMP98v7bTkDp8aq7V0Vqb/xBvm31LAKe0VkiKZxsztsZQ+llkiDBbgz6yYKQdUp8C71vWzKhlIXuAqJZ5H6ip5PjLRVfRBqymaJgnM5BVHq8K3yb2zFBMiE3yrinQzufSQj+AKWvITUxBirODoavee9yk9Yhj1q2CLBrAa0luOltTPiQNQeTQMde3jtfYzHZQ+LQEN9m5oQ6aOBln6W8VQpwG52v9s3TRJKKEAPFQ2d9lBR7RzZNkztPU5kMTJrcRh2oTEA"
              }
            ],
            "ssl_policy": [
              {
                "cipher_suites": [],
                "disabled_protocols": [],
                "min_protocol_version": "",
                "policy_name": "AppGwSslPolicy20150501",
                "policy_type": "Predefined"
              }
            ],
            "ssl_profile": [],
            "tags": {
              "ManagedWith": "terraform",
              "Owner": "elitesolutionsit",
              "Service": "devOps",
              "environment": "Development"
            },
            "timeouts": null,
            "trusted_client_certificate": [],
            "trusted_root_certificate": [],
            "url_path_map": [],
            "waf_configuration": [],
            "zones": []
          },
          "sensitive_attributes": [],
          "private": "eyJlMmJmYjczMC1lY2FhLTExZTYtOGY4OC0zNDM2M2JjN2M0YzAiOnsiY3JlYXRlIjo1NDAwMDAwMDAwMDAwLCJkZWxldGUiOjU0MDAwMDAwMDAwMDAsInJlYWQiOjMwMDAwMDAwMDAwMCwidXBkYXRlIjo1NDAwMDAwMDAwMDAwfX0=",
          "dependencies": [
            "azurerm_public_ip.pip",
            "azurerm_resource_group.appgw_rg",
            "azurerm_subnet.frontend",
            "data.azurerm_resource_group.vnet_rg",
            "data.azurerm_virtual_network.vnet"
          ]
        }
      ]
    },
    {
      "mode": "managed",
      "type": "azurerm_public_ip",
      "name": "pip",
      "provider": "provider[\"registry.terraform.io/hashicorp/azurerm\"]",
      "instances": [
        {
          "schema_version": 0,
          "attributes": {
            "allocation_method": "Static",
            "domain_name_label": null,
            "edge_zone": "",
            "fqdn": null,
            "id": "/subscriptions/54f68ee1-cff6-4579-aa38-945921f3f590/resourceGroups/elite-appgw-dev/providers/Microsoft.Network/publicIPAddresses/elite-appgw-pip",
            "idle_timeout_in_minutes": 4,
            "ip_address": "20.122.94.123",
            "ip_tags": {},
            "ip_version": "IPv4",
            "location": "eastus2",
            "name": "elite-appgw-pip",
            "public_ip_prefix_id": null,
            "resource_group_name": "elite-appgw-dev",
            "reverse_fqdn": null,
            "sku": "Standard",
            "sku_tier": "Regional",
            "tags": {},
            "timeouts": null,
            "zones": []
          },
          "sensitive_attributes": [],
          "private": "eyJlMmJmYjczMC1lY2FhLTExZTYtOGY4OC0zNDM2M2JjN2M0YzAiOnsiY3JlYXRlIjoxODAwMDAwMDAwMDAwLCJkZWxldGUiOjE4MDAwMDAwMDAwMDAsInJlYWQiOjMwMDAwMDAwMDAwMCwidXBkYXRlIjoxODAwMDAwMDAwMDAwfX0=",
          "dependencies": [
            "azurerm_resource_group.appgw_rg"
          ]
        }
      ]
    },
    {
      "mode": "managed",
      "type": "azurerm_resource_group",
      "name": "appgw_rg",
      "provider": "provider[\"registry.terraform.io/hashicorp/azurerm\"]",
      "instances": [
        {
          "schema_version": 0,
          "attributes": {
            "id": "/subscriptions/54f68ee1-cff6-4579-aa38-945921f3f590/resourceGroups/elite-appgw-dev",
            "location": "eastus2",
            "name": "elite-appgw-dev",
            "tags": {},
            "timeouts": null
          },
          "sensitive_attributes": [],
          "private": "eyJlMmJmYjczMC1lY2FhLTExZTYtOGY4OC0zNDM2M2JjN2M0YzAiOnsiY3JlYXRlIjo1NDAwMDAwMDAwMDAwLCJkZWxldGUiOjU0MDAwMDAwMDAwMDAsInJlYWQiOjMwMDAwMDAwMDAwMCwidXBkYXRlIjo1NDAwMDAwMDAwMDAwfX0="
        }
      ]
    },
    {
      "mode": "managed",
      "type": "azurerm_subnet",
      "name": "frontend",
      "provider": "provider[\"registry.terraform.io/hashicorp/azurerm\"]",
      "instances": [
        {
          "schema_version": 0,
          "attributes": {
            "address_prefixes": [
              "10.0.3.0/24"
            ],
            "delegation": [],
            "enforce_private_link_endpoint_network_policies": false,
            "enforce_private_link_service_network_policies": false,
            "id": "/subscriptions/54f68ee1-cff6-4579-aa38-945921f3f590/resourceGroups/elitegeneralnetwork/providers/Microsoft.Network/virtualNetworks/elitedev_vnet/subnets/elite-frontend-subnet",
            "name": "elite-frontend-subnet",
            "resource_group_name": "elitegeneralnetwork",
            "service_endpoint_policy_ids": [],
            "service_endpoints": [],
            "timeouts": null,
            "virtual_network_name": "elitedev_vnet"
          },
          "sensitive_attributes": [],
          "private": "eyJlMmJmYjczMC1lY2FhLTExZTYtOGY4OC0zNDM2M2JjN2M0YzAiOnsiY3JlYXRlIjoxODAwMDAwMDAwMDAwLCJkZWxldGUiOjE4MDAwMDAwMDAwMDAsInJlYWQiOjMwMDAwMDAwMDAwMCwidXBkYXRlIjoxODAwMDAwMDAwMDAwfX0=",
          "dependencies": [
            "data.azurerm_resource_group.vnet_rg",
            "data.azurerm_virtual_network.vnet"
          ]
        }
      ]
    }
  ]
}
